
Microsoft Visual Studio Solution File, Format Version 12.00
# Visual Studio Version 17
VisualStudioVersion = 17.11.35327.3
MinimumVisualStudioVersion = 10.0.40219.1
Project("{FAE04EC0-301F-11D3-BF4B-00C04F79EFBC}") = "Angaular17WebApi1", "Angaular17WebApi1.csproj", "{AA38247E-5C8B-4709-9509-FCBF7FD41BAB}"
EndProject
Global
	GlobalSection(SolutionConfigurationPlatforms) = preSolution
		Debug|Any CPU = Debug|Any CPU
		Release|Any CPU = Release|Any CPU
	EndGlobalSection
	GlobalSection(ProjectConfigurationPlatforms) = postSolution
		{AA38247E-5C8B-4709-9509-FCBF7FD41BAB}.Debug|Any CPU.ActiveCfg = Debug|Any CPU
		{AA38247E-5C8B-4709-9509-FCBF7FD41BAB}.Debug|Any CPU.Build.0 = Debug|Any CPU
		{AA38247E-5C8B-4709-9509-FCBF7FD41BAB}.Release|Any CPU.ActiveCfg = Release|Any CPU
		{AA38247E-5C8B-4709-9509-FCBF7FD41BAB}.Release|Any CPU.Build.0 = Release|Any CPU
	EndGlobalSection
	GlobalSection(SolutionProperties) = preSolution
		HideSolutionNode = FALSE
	EndGlobalSection
	GlobalSection(ExtensibilityGlobals) = postSolution
		SolutionGuid = {766E25C5-63D3-4C6A-8B14-A1ED9E4F55FE}
	EndGlobalSection
EndGlobal
